
Microsoft Visual Studio Solution File, Format Version 12.00
# Visual Studio Version 16
VisualStudioVersion = 16.6.30114.105
MinimumVisualStudioVersion = 10.0.40219.1
Project("{9A19103F-16F7-4668-BE54-9A1E7A4F7556}") = "R5T.T0079", "R5T.T0079\R5T.T0079.csproj", "{E5439B70-321C-4C24-B69B-09A70A9A0030}"
EndProject
Project("{2150E333-8FDC-42A3-9474-1A3956D46DE8}") = "_Dependencies", "_Dependencies", "{2C81F98B-4F7B-4D51-996B-21975BB9892C}"
EndProject
Project("{9A19103F-16F7-4668-BE54-9A1E7A4F7556}") = "R5T.L0013", "..\..\R5T.L0013\source\R5T.L0013\R5T.L0013.csproj", "{241C70EF-475A-4D32-9263-9FEC9BB086F0}"
EndProject
Project("{9A19103F-16F7-4668-BE54-9A1E7A4F7556}") = "R5T.T0072", "..\..\R5T.T0072\source\R5T.T0072\R5T.T0072.csproj", "{8637AAB3-E1BD-45AC-9906-9D16CD20DFEE}"
EndProject
Project("{9A19103F-16F7-4668-BE54-9A1E7A4F7556}") = "R5T.T0079.X001", "R5T.T0079.X001\R5T.T0079.X001.csproj", "{CBE8548C-0A4A-453E-8945-7FD14D5C108B}"
EndProject
Project("{9A19103F-16F7-4668-BE54-9A1E7A4F7556}") = "R5T.T0069", "..\..\R5T.T0069\source\R5T.T0069\R5T.T0069.csproj", "{1650A1D9-C431-4C16-AE1B-D0F4BB275A45}"
EndProject
Project("{9A19103F-16F7-4668-BE54-9A1E7A4F7556}") = "R5T.D0085.Base", "..\..\R5T.D0085\source\R5T.D0085.Base\R5T.D0085.Base.csproj", "{FD5EA2B3-5451-4362-9326-D6B992EE119F}"
EndProject
Project("{9A19103F-16F7-4668-BE54-9A1E7A4F7556}") = "R5T.T0067", "..\..\R5T.T0067\source\R5T.T0067\R5T.T0067.csproj", "{D38EB729-EE68-4F29-957E-C9288667630B}"
EndProject
Project("{9A19103F-16F7-4668-BE54-9A1E7A4F7556}") = "R5T.T0067.X001", "..\..\R5T.T0067\source\R5T.T0067.X001\R5T.T0067.X001.csproj", "{4E31F488-E97E-4EC6-9629-81A93ECE6834}"
EndProject
Project("{9A19103F-16F7-4668-BE54-9A1E7A4F7556}") = "R5T.T0063", "..\..\R5T.T0063\source\R5T.T0063\R5T.T0063.csproj", "{3F909C05-F3DC-44D5-92DA-EE4D8595FACA}"
EndProject
Global
	GlobalSection(SolutionConfigurationPlatforms) = preSolution
		Debug|Any CPU = Debug|Any CPU
		Debug|x64 = Debug|x64
		Debug|x86 = Debug|x86
		Release|Any CPU = Release|Any CPU
		Release|x64 = Release|x64
		Release|x86 = Release|x86
	EndGlobalSection
	GlobalSection(ProjectConfigurationPlatforms) = postSolution
		{E5439B70-321C-4C24-B69B-09A70A9A0030}.Debug|Any CPU.ActiveCfg = Debug|Any CPU
		{E5439B70-321C-4C24-B69B-09A70A9A0030}.Debug|Any CPU.Build.0 = Debug|Any CPU
		{E5439B70-321C-4C24-B69B-09A70A9A0030}.Debug|x64.ActiveCfg = Debug|Any CPU
		{E5439B70-321C-4C24-B69B-09A70A9A0030}.Debug|x64.Build.0 = Debug|Any CPU
		{E5439B70-321C-4C24-B69B-09A70A9A0030}.Debug|x86.ActiveCfg = Debug|Any CPU
		{E5439B70-321C-4C24-B69B-09A70A9A0030}.Debug|x86.Build.0 = Debug|Any CPU
		{E5439B70-321C-4C24-B69B-09A70A9A0030}.Release|Any CPU.ActiveCfg = Release|Any CPU
		{E5439B70-321C-4C24-B69B-09A70A9A0030}.Release|Any CPU.Build.0 = Release|Any CPU
		{E5439B70-321C-4C24-B69B-09A70A9A0030}.Release|x64.ActiveCfg = Release|Any CPU
		{E5439B70-321C-4C24-B69B-09A70A9A0030}.Release|x64.Build.0 = Release|Any CPU
		{E5439B70-321C-4C24-B69B-09A70A9A0030}.Release|x86.ActiveCfg = Release|Any CPU
		{E5439B70-321C-4C24-B69B-09A70A9A0030}.Release|x86.Build.0 = Release|Any CPU
		{241C70EF-475A-4D32-9263-9FEC9BB086F0}.Debug|Any CPU.ActiveCfg = Debug|Any CPU
		{241C70EF-475A-4D32-9263-9FEC9BB086F0}.Debug|Any CPU.Build.0 = Debug|Any CPU
		{241C70EF-475A-4D32-9263-9FEC9BB086F0}.Debug|x64.ActiveCfg = Debug|Any CPU
		{241C70EF-475A-4D32-9263-9FEC9BB086F0}.Debug|x64.Build.0 = Debug|Any CPU
		{241C70EF-475A-4D32-9263-9FEC9BB086F0}.Debug|x86.ActiveCfg = Debug|Any CPU
		{241C70EF-475A-4D32-9263-9FEC9BB086F0}.Debug|x86.Build.0 = Debug|Any CPU
		{241C70EF-475A-4D32-9263-9FEC9BB086F0}.Release|Any CPU.ActiveCfg = Release|Any CPU
		{241C70EF-475A-4D32-9263-9FEC9BB086F0}.Release|Any CPU.Build.0 = Release|Any CPU
		{241C70EF-475A-4D32-9263-9FEC9BB086F0}.Release|x64.ActiveCfg = Release|Any CPU
		{241C70EF-475A-4D32-9263-9FEC9BB086F0}.Release|x64.Build.0 = Release|Any CPU
		{241C70EF-475A-4D32-9263-9FEC9BB086F0}.Release|x86.ActiveCfg = Release|Any CPU
		{241C70EF-475A-4D32-9263-9FEC9BB086F0}.Release|x86.Build.0 = Release|Any CPU
		{8637AAB3-E1BD-45AC-9906-9D16CD20DFEE}.Debug|Any CPU.ActiveCfg = Debug|Any CPU
		{8637AAB3-E1BD-45AC-9906-9D16CD20DFEE}.Debug|Any CPU.Build.0 = Debug|Any CPU
		{8637AAB3-E1BD-45AC-9906-9D16CD20DFEE}.Debug|x64.ActiveCfg = Debug|Any CPU
		{8637AAB3-E1BD-45AC-9906-9D16CD20DFEE}.Debug|x64.Build.0 = Debug|Any CPU
		{8637AAB3-E1BD-45AC-9906-9D16CD20DFEE}.Debug|x86.ActiveCfg = Debug|Any CPU
		{8637AAB3-E1BD-45AC-9906-9D16CD20DFEE}.Debug|x86.Build.0 = Debug|Any CPU
		{8637AAB3-E1BD-45AC-9906-9D16CD20DFEE}.Release|Any CPU.ActiveCfg = Release|Any CPU
		{8637AAB3-E1BD-45AC-9906-9D16CD20DFEE}.Release|Any CPU.Build.0 = Release|Any CPU
		{8637AAB3-E1BD-45AC-9906-9D16CD20DFEE}.Release|x64.ActiveCfg = Release|Any CPU
		{8637AAB3-E1BD-45AC-9906-9D16CD20DFEE}.Release|x64.Build.0 = Release|Any CPU
		{8637AAB3-E1BD-45AC-9906-9D16CD20DFEE}.Release|x86.ActiveCfg = Release|Any CPU
		{8637AAB3-E1BD-45AC-9906-9D16CD20DFEE}.Release|x86.Build.0 = Release|Any CPU
		{CBE8548C-0A4A-453E-8945-7FD14D5C108B}.Debug|Any CPU.ActiveCfg = Debug|Any CPU
		{CBE8548C-0A4A-453E-8945-7FD14D5C108B}.Debug|Any CPU.Build.0 = Debug|Any CPU
		{CBE8548C-0A4A-453E-8945-7FD14D5C108B}.Debug|x64.ActiveCfg = Debug|Any CPU
		{CBE8548C-0A4A-453E-8945-7FD14D5C108B}.Debug|x64.Build.0 = Debug|Any CPU
		{CBE8548C-0A4A-453E-8945-7FD14D5C108B}.Debug|x86.ActiveCfg = Debug|Any CPU
		{CBE8548C-0A4A-453E-8945-7FD14D5C108B}.Debug|x86.Build.0 = Debug|Any CPU
		{CBE8548C-0A4A-453E-8945-7FD14D5C108B}.Release|Any CPU.ActiveCfg = Release|Any CPU
		{CBE8548C-0A4A-453E-8945-7FD14D5C108B}.Release|Any CPU.Build.0 = Release|Any CPU
		{CBE8548C-0A4A-453E-8945-7FD14D5C108B}.Release|x64.ActiveCfg = Release|Any CPU
		{CBE8548C-0A4A-453E-8945-7FD14D5C108B}.Release|x64.Build.0 = Release|Any CPU
		{CBE8548C-0A4A-453E-8945-7FD14D5C108B}.Release|x86.ActiveCfg = Release|Any CPU
		{CBE8548C-0A4A-453E-8945-7FD14D5C108B}.Release|x86.Build.0 = Release|Any CPU
		{1650A1D9-C431-4C16-AE1B-D0F4BB275A45}.Debug|Any CPU.ActiveCfg = Debug|Any CPU
		{1650A1D9-C431-4C16-AE1B-D0F4BB275A45}.Debug|Any CPU.Build.0 = Debug|Any CPU
		{1650A1D9-C431-4C16-AE1B-D0F4BB275A45}.Debug|x64.ActiveCfg = Debug|Any CPU
		{1650A1D9-C431-4C16-AE1B-D0F4BB275A45}.Debug|x64.Build.0 = Debug|Any CPU
		{1650A1D9-C431-4C16-AE1B-D0F4BB275A45}.Debug|x86.ActiveCfg = Debug|Any CPU
		{1650A1D9-C431-4C16-AE1B-D0F4BB275A45}.Debug|x86.Build.0 = Debug|Any CPU
		{1650A1D9-C431-4C16-AE1B-D0F4BB275A45}.Release|Any CPU.ActiveCfg = Release|Any CPU
		{1650A1D9-C431-4C16-AE1B-D0F4BB275A45}.Release|Any CPU.Build.0 = Release|Any CPU
		{1650A1D9-C431-4C16-AE1B-D0F4BB275A45}.Release|x64.ActiveCfg = Release|Any CPU
		{1650A1D9-C431-4C16-AE1B-D0F4BB275A45}.Release|x64.Build.0 = Release|Any CPU
		{1650A1D9-C431-4C16-AE1B-D0F4BB275A45}.Release|x86.ActiveCfg = Release|Any CPU
		{1650A1D9-C431-4C16-AE1B-D0F4BB275A45}.Release|x86.Build.0 = Release|Any CPU
		{FD5EA2B3-5451-4362-9326-D6B992EE119F}.Debug|Any CPU.ActiveCfg = Debug|Any CPU
		{FD5EA2B3-5451-4362-9326-D6B992EE119F}.Debug|Any CPU.Build.0 = Debug|Any CPU
		{FD5EA2B3-5451-4362-9326-D6B992EE119F}.Debug|x64.ActiveCfg = Debug|Any CPU
		{FD5EA2B3-5451-4362-9326-D6B992EE119F}.Debug|x64.Build.0 = Debug|Any CPU
		{FD5EA2B3-5451-4362-9326-D6B992EE119F}.Debug|x86.ActiveCfg = Debug|Any CPU
		{FD5EA2B3-5451-4362-9326-D6B992EE119F}.Debug|x86.Build.0 = Debug|Any CPU
		{FD5EA2B3-5451-4362-9326-D6B992EE119F}.Release|Any CPU.ActiveCfg = Release|Any CPU
		{FD5EA2B3-5451-4362-9326-D6B992EE119F}.Release|Any CPU.Build.0 = Release|Any CPU
		{FD5EA2B3-5451-4362-9326-D6B992EE119F}.Release|x64.ActiveCfg = Release|Any CPU
		{FD5EA2B3-5451-4362-9326-D6B992EE119F}.Release|x64.Build.0 = Release|Any CPU
		{FD5EA2B3-5451-4362-9326-D6B992EE119F}.Release|x86.ActiveCfg = Release|Any CPU
		{FD5EA2B3-5451-4362-9326-D6B992EE119F}.Release|x86.Build.0 = Release|Any CPU
		{D38EB729-EE68-4F29-957E-C9288667630B}.Debug|Any CPU.ActiveCfg = Debug|Any CPU
		{D38EB729-EE68-4F29-957E-C9288667630B}.Debug|Any CPU.Build.0 = Debug|Any CPU
		{D38EB729-EE68-4F29-957E-C9288667630B}.Debug|x64.ActiveCfg = Debug|Any CPU
		{D38EB729-EE68-4F29-957E-C9288667630B}.Debug|x64.Build.0 = Debug|Any CPU
		{D38EB729-EE68-4F29-957E-C9288667630B}.Debug|x86.ActiveCfg = Debug|Any CPU
		{D38EB729-EE68-4F29-957E-C9288667630B}.Debug|x86.Build.0 = Debug|Any CPU
		{D38EB729-EE68-4F29-957E-C9288667630B}.Release|Any CPU.ActiveCfg = Release|Any CPU
		{D38EB729-EE68-4F29-957E-C9288667630B}.Release|Any CPU.Build.0 = Release|Any CPU
		{D38EB729-EE68-4F29-957E-C9288667630B}.Release|x64.ActiveCfg = Release|Any CPU
		{D38EB729-EE68-4F29-957E-C9288667630B}.Release|x64.Build.0 = Release|Any CPU
		{D38EB729-EE68-4F29-957E-C9288667630B}.Release|x86.ActiveCfg = Release|Any CPU
		{D38EB729-EE68-4F29-957E-C9288667630B}.Release|x86.Build.0 = Release|Any CPU
		{4E31F488-E97E-4EC6-9629-81A93ECE6834}.Debug|Any CPU.ActiveCfg = Debug|Any CPU
		{4E31F488-E97E-4EC6-9629-81A93ECE6834}.Debug|Any CPU.Build.0 = Debug|Any CPU
		{4E31F488-E97E-4EC6-9629-81A93ECE6834}.Debug|x64.ActiveCfg = Debug|Any CPU
		{4E31F488-E97E-4EC6-9629-81A93ECE6834}.Debug|x64.Build.0 = Debug|Any CPU
		{4E31F488-E97E-4EC6-9629-81A93ECE6834}.Debug|x86.ActiveCfg = Debug|Any CPU
		{4E31F488-E97E-4EC6-9629-81A93ECE6834}.Debug|x86.Build.0 = Debug|Any CPU
		{4E31F488-E97E-4EC6-9629-81A93ECE6834}.Release|Any CPU.ActiveCfg = Release|Any CPU
		{4E31F488-E97E-4EC6-9629-81A93ECE6834}.Release|Any CPU.Build.0 = Release|Any CPU
		{4E31F488-E97E-4EC6-9629-81A93ECE6834}.Release|x64.ActiveCfg = Release|Any CPU
		{4E31F488-E97E-4EC6-9629-81A93ECE6834}.Release|x64.Build.0 = Release|Any CPU
		{4E31F488-E97E-4EC6-9629-81A93ECE6834}.Release|x86.ActiveCfg = Release|Any CPU
		{4E31F488-E97E-4EC6-9629-81A93ECE6834}.Release|x86.Build.0 = Release|Any CPU
		{3F909C05-F3DC-44D5-92DA-EE4D8595FACA}.Debug|Any CPU.ActiveCfg = Debug|Any CPU
		{3F909C05-F3DC-44D5-92DA-EE4D8595FACA}.Debug|Any CPU.Build.0 = Debug|Any CPU
		{3F909C05-F3DC-44D5-92DA-EE4D8595FACA}.Debug|x64.ActiveCfg = Debug|Any CPU
		{3F909C05-F3DC-44D5-92DA-EE4D8595FACA}.Debug|x64.Build.0 = Debug|Any CPU
		{3F909C05-F3DC-44D5-92DA-EE4D8595FACA}.Debug|x86.ActiveCfg = Debug|Any CPU
		{3F909C05-F3DC-44D5-92DA-EE4D8595FACA}.Debug|x86.Build.0 = Debug|Any CPU
		{3F909C05-F3DC-44D5-92DA-EE4D8595FACA}.Release|Any CPU.ActiveCfg = Release|Any CPU
		{3F909C05-F3DC-44D5-92DA-EE4D8595FACA}.Release|Any CPU.Build.0 = Release|Any CPU
		{3F909C05-F3DC-44D5-92DA-EE4D8595FACA}.Release|x64.ActiveCfg = Release|Any CPU
		{3F909C05-F3DC-44D5-92DA-EE4D8595FACA}.Release|x64.Build.0 = Release|Any CPU
		{3F909C05-F3DC-44D5-92DA-EE4D8595FACA}.Release|x86.ActiveCfg = Release|Any CPU
		{3F909C05-F3DC-44D5-92DA-EE4D8595FACA}.Release|x86.Build.0 = Release|Any CPU
	EndGlobalSection
	GlobalSection(SolutionProperties) = preSolution
		HideSolutionNode = FALSE
	EndGlobalSection
	GlobalSection(NestedProjects) = preSolution
		{241C70EF-475A-4D32-9263-9FEC9BB086F0} = {2C81F98B-4F7B-4D51-996B-21975BB9892C}
		{8637AAB3-E1BD-45AC-9906-9D16CD20DFEE} = {2C81F98B-4F7B-4D51-996B-21975BB9892C}
		{1650A1D9-C431-4C16-AE1B-D0F4BB275A45} = {2C81F98B-4F7B-4D51-996B-21975BB9892C}
		{FD5EA2B3-5451-4362-9326-D6B992EE119F} = {2C81F98B-4F7B-4D51-996B-21975BB9892C}
		{D38EB729-EE68-4F29-957E-C9288667630B} = {2C81F98B-4F7B-4D51-996B-21975BB9892C}
		{4E31F488-E97E-4EC6-9629-81A93ECE6834} = {2C81F98B-4F7B-4D51-996B-21975BB9892C}
		{3F909C05-F3DC-44D5-92DA-EE4D8595FACA} = {2C81F98B-4F7B-4D51-996B-21975BB9892C}
	EndGlobalSection
	GlobalSection(ExtensibilityGlobals) = postSolution
		SolutionGuid = {89838244-9D39-4365-A1F0-D5EAC059F7B3}
	EndGlobalSection
EndGlobal
